
Microsoft Visual Studio Solution File, Format Version 12.00
# Visual Studio Version 17
VisualStudioVersion = 17.10.35013.160
MinimumVisualStudioVersion = 10.0.40219.1
Project("{FAE04EC0-301F-11D3-BF4B-00C04F79EFBC}") = "TD2_API_REST", "TD2_API_REST\TD2_API_REST.csproj", "{C2B215AA-23F9-40CD-B92B-2DDDFBCC3D65}"
EndProject
Global
	GlobalSection(SolutionConfigurationPlatforms) = preSolution
		Debug|Any CPU = Debug|Any CPU
		Release|Any CPU = Release|Any CPU
	EndGlobalSection
	GlobalSection(ProjectConfigurationPlatforms) = postSolution
		{C2B215AA-23F9-40CD-B92B-2DDDFBCC3D65}.Debug|Any CPU.ActiveCfg = Debug|Any CPU
		{C2B215AA-23F9-40CD-B92B-2DDDFBCC3D65}.Debug|Any CPU.Build.0 = Debug|Any CPU
		{C2B215AA-23F9-40CD-B92B-2DDDFBCC3D65}.Release|Any CPU.ActiveCfg = Release|Any CPU
		{C2B215AA-23F9-40CD-B92B-2DDDFBCC3D65}.Release|Any CPU.Build.0 = Release|Any CPU
	EndGlobalSection
	GlobalSection(SolutionProperties) = preSolution
		HideSolutionNode = FALSE
	EndGlobalSection
	GlobalSection(ExtensibilityGlobals) = postSolution
		SolutionGuid = {DB9B29AF-4537-4A8E-BCBD-1EC25FFD7CDF}
	EndGlobalSection
EndGlobal
